Microsoft Visual Studio Solution File, Format Version 12.00
# Visual Studio Version 17
VisualStudioVersion = 17.5.2.0
MinimumVisualStudioVersion = 10.0.40219.1
Project("{2150E333-8FDC-42A3-9474-1A3956D46DE8}") = "crates", "crates", "{0831A136-015D-79DC-48C9-239783299D57}"
EndProject
Project("{2150E333-8FDC-42A3-9474-1A3956D46DE8}") = "samples", "samples", "{55FB3B18-C152-EFE2-48BB-6A338DB80724}"
EndProject
Project("{2150E333-8FDC-42A3-9474-1A3956D46DE8}") = "csharp", "csharp", "{F162F7C9-EA2D-1C49-16D1-A5E456D0C544}"
EndProject
Project("{FAE04EC0-301F-11D3-BF4B-00C04F79EFBC}") = "client", "crates\samples\csharp\client\client.csproj", "{29F41852-735D-7E90-B9B4-C8F8268C26D3}"
EndProject
Global
	GlobalSection(SolutionConfigurationPlatforms) = preSolution
		Debug|Any CPU = Debug|Any CPU
		Release|Any CPU = Release|Any CPU
	EndGlobalSection
	GlobalSection(ProjectConfigurationPlatforms) = postSolution
		{29F41852-735D-7E90-B9B4-C8F8268C26D3}.Debug|Any CPU.ActiveCfg = Debug|Any CPU
		{29F41852-735D-7E90-B9B4-C8F8268C26D3}.Debug|Any CPU.Build.0 = Debug|Any CPU
		{29F41852-735D-7E90-B9B4-C8F8268C26D3}.Release|Any CPU.ActiveCfg = Release|Any CPU
		{29F41852-735D-7E90-B9B4-C8F8268C26D3}.Release|Any CPU.Build.0 = Release|Any CPU
	EndGlobalSection
	GlobalSection(SolutionProperties) = preSolution
		HideSolutionNode = FALSE
	EndGlobalSection
	GlobalSection(NestedProjects) = preSolution
		{55FB3B18-C152-EFE2-48BB-6A338DB80724} = {0831A136-015D-79DC-48C9-239783299D57}
		{F162F7C9-EA2D-1C49-16D1-A5E456D0C544} = {55FB3B18-C152-EFE2-48BB-6A338DB80724}
		{29F41852-735D-7E90-B9B4-C8F8268C26D3} = {F162F7C9-EA2D-1C49-16D1-A5E456D0C544}
	EndGlobalSection
	GlobalSection(ExtensibilityGlobals) = postSolution
		SolutionGuid = {A3104E71-8F28-4234-9358-0F072DC02230}
	EndGlobalSection
EndGlobal
