{
  "name": "rdl-vscode",
  "version": "0.1.0",
  "lockfileVersion": 3,
  "requires": true,
  "packages": {
    "": {
      "name": "rdl-vscode",
      "version": "0.1.0",
      "license": "MIT",
      "dependencies": {
        "vscode-languageclient": "^9.0.1"
      },
      "devDependencies": {
        "@types/vscode": "^1.108.1"
      },
      "engines": {
        "vscode": "^1.75.0"
      }
    },
    "node_modules/@types/vscode": {
      "version": "1.108.1",
      "resolved": "https://registry.npmjs.org/@types/vscode/-/vscode-1.108.1.tgz",
      "integrity": "sha512-DerV0BbSzt87TbrqmZ7lRDIYaMiqvP8tmJTzW2p49ZBVtGUnGAu2RGQd1Wv4XMzEVUpaHbsemVM5nfuQJj7H6w==",
      "dev": true,
      "license": "MIT"
    },
    "node_modules/balanced-match": {
      "version": "1.0.2",
      "resolved": "https://registry.npmjs.org/balanced-match/-/balanced-match-1.0.2.tgz",
      "integrity": "sha512-3oSeUO0TMV67hN1AmbXsK4yaqU7tjiHlbxRDZOpH0KW9+CeX4bRAaX0Anxt0tx2MrpRpWwQaPwIlISEJhYU5Pw==",
      "license": "MIT"
    },
    "node_modules/brace-expansion": {
      "version": "2.0.2",
      "resolved": "https://registry.npmjs.org/brace-expansion/-/brace-expansion-2.0.2.tgz",
      "integrity": "sha512-Jt0vHyM+jmUBqojB7E1NIYadt0vI0Qxjxd2TErW94wDz+E2LAm5vKMXXwg6ZZBTHPuUlDgQHKXvjGBdfcF1ZDQ==",
      "license": "MIT",
      "dependencies": {
        "balanced-match": "^1.0.0"
      }
    },
    "node_modules/minimatch": {
      "version": "5.1.6",
      "resolved": "https://registry.npmjs.org/minimatch/-/minimatch-5.1.6.tgz",
      "integrity": "sha512-lKwV/1brpG6mBUFHtb7NUmtABCb2WZZmm2wNiOA5hAb8VdCS4B3dtMWyvcoViccwAW/COERjXLt0zP1zXUN26g==",
      "license": "ISC",
      "dependencies": {
        "brace-expansion": "^2.0.1"
      },
      "engines": {
        "node": ">=10"
      }
    },
    "node_modules/semver": {
      "version": "7.7.3",
      "resolved": "https://registry.npmjs.org/semver/-/semver-7.7.3.tgz",
      "integrity": "sha512-SdsKMrI9TdgjdweUSR9MweHA4EJ8YxHn8DFaDisvhVlUOe4BF1tLD7GAj0lIqWVl+dPb/rExr0Btby5loQm20Q==",
      "license": "ISC",
      "bin": {
        "semver": "bin/semver.js"
      },
      "engines": {
        "node": ">=10"
      }
    },
    "node_modules/vscode-jsonrpc": {
      "version": "8.2.0",
      "resolved": "https://registry.npmjs.org/vscode-jsonrpc/-/vscode-jsonrpc-8.2.0.tgz",
      "integrity": "sha512-C+r0eKJUIfiDIfwJhria30+TYWPtuHJXHtI7J0YlOmKAo7ogxP20T0zxB7HZQIFhIyvoBPwWskjxrvAtfjyZfA==",
      "license": "MIT",
      "engines": {
        "node": ">=14.0.0"
      }
    },
    "node_modules/vscode-languageclient": {
      "version": "9.0.1",
      "resolved": "https://registry.npmjs.org/vscode-languageclient/-/vscode-languageclient-9.0.1.tgz",
      "integrity": "sha512-JZiimVdvimEuHh5olxhxkht09m3JzUGwggb5eRUkzzJhZ2KjCN0nh55VfiED9oez9DyF8/fz1g1iBV3h+0Z2EA==",
      "license": "MIT",
      "dependencies": {
        "minimatch": "^5.1.0",
        "semver": "^7.3.7",
        "vscode-languageserver-protocol": "3.17.5"
      },
      "engines": {
        "vscode": "^1.82.0"
      }
    },
    "node_modules/vscode-languageserver-protocol": {
      "version": "3.17.5",
      "resolved": "https://registry.npmjs.org/vscode-languageserver-protocol/-/vscode-languageserver-protocol-3.17.5.tgz",
      "integrity": "sha512-mb1bvRJN8SVznADSGWM9u/b07H7Ecg0I3OgXDuLdn307rl/J3A9YD6/eYOssqhecL27hK1IPZAsaqh00i/Jljg==",
      "license": "MIT",
      "dependencies": {
        "vscode-jsonrpc": "8.2.0",
        "vscode-languageserver-types": "3.17.5"
      }
    },
    "node_modules/vscode-languageserver-types": {
      "version": "3.17.5",
      "resolved": "https://registry.npmjs.org/vscode-languageserver-types/-/vscode-languageserver-types-3.17.5.tgz",
      "integrity": "sha512-Ld1VelNuX9pdF39h2Hgaeb5hEZM2Z3jUrrMgWQAu82jMtZp7p3vJT3BzToKtZI7NgQssZje5o0zryOrhQvzQAg==",
      "license": "MIT"
    }
  }
}
