<?xml version="1.0" encoding="utf-8"?>
<Project ToolsVersion="4.0" xmlns="http://schemas.microsoft.com/developer/msbuild/2003">
  <ItemGroup>
    <None Include="packages.config" />
    <None Include="exports.def" />
    <None Include="build.cmd" />
  </ItemGroup>
  <ItemGroup>
    <ClInclude Include="pch.h" />
    <ClInclude Include="Structs.Test.h">
      <Filter>winrt</Filter>
    </ClInclude>
    <ClInclude Include="Simple.Class.h">
      <Filter>winrt</Filter>
    </ClInclude>
    <ClInclude Include="Classes.Static.h">
      <Filter>winrt</Filter>
    </ClInclude>
    <ClInclude Include="Classes.Required.h">
      <Filter>winrt</Filter>
    </ClInclude>
    <ClInclude Include="Classes.Creator.h">
      <Filter>winrt</Filter>
    </ClInclude>
    <ClInclude Include="Classes.Activatable.h">
      <Filter>winrt</Filter>
    </ClInclude>
    <ClInclude Include="Classes.NoWeakRef.h">
      <Filter>winrt</Filter>
    </ClInclude>
    <ClInclude Include="Signatures.Test.h">
      <Filter>winrt</Filter>
    </ClInclude>
    <ClInclude Include="simple.h">
      <Filter>win32</Filter>
    </ClInclude>
  </ItemGroup>
  <ItemGroup>
    <ClCompile Include="pch.cpp" />
    <ClCompile Include="$(GeneratedFilesDir)module.g.cpp" />
    <ClCompile Include="simple.cpp">
      <Filter>win32</Filter>
    </ClCompile>
  </ItemGroup>
  <ItemGroup>
    <Filter Include="winrt">
      <UniqueIdentifier>{d7cd0694-5ea2-4baa-910c-3fb9293d9df7}</UniqueIdentifier>
    </Filter>
    <Filter Include="win32">
      <UniqueIdentifier>{9fb8c295-5782-473e-bb54-e7b80f2535de}</UniqueIdentifier>
    </Filter>
  </ItemGroup>
  <ItemGroup>
    <Midl Include="winrt.idl">
      <Filter>winrt</Filter>
    </Midl>
  </ItemGroup>
</Project>